
Microsoft Visual Studio Solution File, Format Version 12.00
Project("{FAE04EC0-301F-11D3-BF4B-00C04F79EFBC}") = "BuyFastApi", "BuyFastApi\BuyFastApi.csproj", "{228FFCB0-9209-4E37-8899-3387AFBFDCD1}"
EndProject
Project("{FAE04EC0-301F-11D3-BF4B-00C04F79EFBC}") = "BuyFastDTO", "BuyFastDTO\BuyFastDTO.csproj", "{5B008003-047E-4044-8282-7AF9F59C96FC}"
EndProject
Project("{FAE04EC0-301F-11D3-BF4B-00C04F79EFBC}") = "BuyFastAdmin", "BuyFastAdmin\BuyFastAdmin.csproj", "{54B0CA98-199B-41E6-B958-B273B8B6D0A6}"
EndProject
Global
	GlobalSection(SolutionConfigurationPlatforms) = preSolution
		Debug|Any CPU = Debug|Any CPU
		Release|Any CPU = Release|Any CPU
	EndGlobalSection
	GlobalSection(ProjectConfigurationPlatforms) = postSolution
		{228FFCB0-9209-4E37-8899-3387AFBFDCD1}.Debug|Any CPU.ActiveCfg = Debug|Any CPU
		{228FFCB0-9209-4E37-8899-3387AFBFDCD1}.Debug|Any CPU.Build.0 = Debug|Any CPU
		{228FFCB0-9209-4E37-8899-3387AFBFDCD1}.Release|Any CPU.ActiveCfg = Release|Any CPU
		{228FFCB0-9209-4E37-8899-3387AFBFDCD1}.Release|Any CPU.Build.0 = Release|Any CPU
		{5B008003-047E-4044-8282-7AF9F59C96FC}.Debug|Any CPU.ActiveCfg = Debug|Any CPU
		{5B008003-047E-4044-8282-7AF9F59C96FC}.Debug|Any CPU.Build.0 = Debug|Any CPU
		{5B008003-047E-4044-8282-7AF9F59C96FC}.Release|Any CPU.ActiveCfg = Release|Any CPU
		{5B008003-047E-4044-8282-7AF9F59C96FC}.Release|Any CPU.Build.0 = Release|Any CPU
		{54B0CA98-199B-41E6-B958-B273B8B6D0A6}.Debug|Any CPU.ActiveCfg = Debug|Any CPU
		{54B0CA98-199B-41E6-B958-B273B8B6D0A6}.Debug|Any CPU.Build.0 = Debug|Any CPU
		{54B0CA98-199B-41E6-B958-B273B8B6D0A6}.Release|Any CPU.ActiveCfg = Release|Any CPU
		{54B0CA98-199B-41E6-B958-B273B8B6D0A6}.Release|Any CPU.Build.0 = Release|Any CPU
	EndGlobalSection
EndGlobal
